
Microsoft Visual Studio Solution File, Format Version 12.00
# Visual Studio Version 16
VisualStudioVersion = 16.0.31112.23
MinimumVisualStudioVersion = 10.0.40219.1
Project("{FAE04EC0-301F-11D3-BF4B-00C04F79EFBC}") = "DarkSide.Desktop", "UcakSavar.Desktop\DarkSide.Desktop.csproj", "{194A6557-3261-45A5-9A96-ABAA531494F6}"
EndProject
Project("{FAE04EC0-301F-11D3-BF4B-00C04F79EFBC}") = "DarkSide.Library", "UcakSavar.Library\DarkSide.Library.csproj", "{5FA9060F-438B-4E75-AF42-5532D75AFB3B}"
EndProject
Global
	GlobalSection(SolutionConfigurationPlatforms) = preSolution
		Debug|Any CPU = Debug|Any CPU
		Release|Any CPU = Release|Any CPU
	EndGlobalSection
	GlobalSection(ProjectConfigurationPlatforms) = postSolution
		{194A6557-3261-45A5-9A96-ABAA531494F6}.Debug|Any CPU.ActiveCfg = Debug|Any CPU
		{194A6557-3261-45A5-9A96-ABAA531494F6}.Debug|Any CPU.Build.0 = Debug|Any CPU
		{194A6557-3261-45A5-9A96-ABAA531494F6}.Release|Any CPU.ActiveCfg = Release|Any CPU
		{194A6557-3261-45A5-9A96-ABAA531494F6}.Release|Any CPU.Build.0 = Release|Any CPU
		{5FA9060F-438B-4E75-AF42-5532D75AFB3B}.Debug|Any CPU.ActiveCfg = Debug|Any CPU
		{5FA9060F-438B-4E75-AF42-5532D75AFB3B}.Debug|Any CPU.Build.0 = Debug|Any CPU
		{5FA9060F-438B-4E75-AF42-5532D75AFB3B}.Release|Any CPU.ActiveCfg = Release|Any CPU
		{5FA9060F-438B-4E75-AF42-5532D75AFB3B}.Release|Any CPU.Build.0 = Release|Any CPU
	EndGlobalSection
	GlobalSection(SolutionProperties) = preSolution
		HideSolutionNode = FALSE
	EndGlobalSection
	GlobalSection(ExtensibilityGlobals) = postSolution
		SolutionGuid = {7F4B4316-0A5C-4B00-9A65-73E37E27ADB0}
	EndGlobalSection
EndGlobal
